
Microsoft Visual Studio Solution File, Format Version 12.00
# Visual Studio Version 16
VisualStudioVersion = 16.0.31702.278
MinimumVisualStudioVersion = 10.0.40219.1
Project("{FAE04EC0-301F-11D3-BF4B-00C04F79EFBC}") = "QuanLyPhanMem", "QuanLyPhanMem\QuanLyPhanMem.csproj", "{40307573-5D4C-42B3-9EDC-8CCB78F1CC1A}"
EndProject
Global
	GlobalSection(SolutionConfigurationPlatforms) = preSolution
		Debug|Any CPU = Debug|Any CPU
		Release|Any CPU = Release|Any CPU
	EndGlobalSection
	GlobalSection(ProjectConfigurationPlatforms) = postSolution
		{40307573-5D4C-42B3-9EDC-8CCB78F1CC1A}.Debug|Any CPU.ActiveCfg = Debug|Any CPU
		{40307573-5D4C-42B3-9EDC-8CCB78F1CC1A}.Debug|Any CPU.Build.0 = Debug|Any CPU
		{40307573-5D4C-42B3-9EDC-8CCB78F1CC1A}.Release|Any CPU.ActiveCfg = Release|Any CPU
		{40307573-5D4C-42B3-9EDC-8CCB78F1CC1A}.Release|Any CPU.Build.0 = Release|Any CPU
	EndGlobalSection
	GlobalSection(SolutionProperties) = preSolution
		HideSolutionNode = FALSE
	EndGlobalSection
	GlobalSection(ExtensibilityGlobals) = postSolution
		SolutionGuid = {566FE5E6-C134-4327-9EBF-E8B780BEF00F}
	EndGlobalSection
EndGlobal
